github.com/TwiN/go-color v1.4.1 h1:mqG0P/KBgHKVqmtL5ye7K0/Gr4l6hTksPgTgMk3mUzc=
github.com/TwiN/go-color v1.4.1/go.mod h1:WcPf/jtiW95WBIsEeY1Lc/b8aaWoiqQpu5cf8WFxu+s=
golang.org/x/exp v0.0.0-20250210185358-939b2ce775ac h1:l5+whBCLH3iH2ZNHYLbAe58bo7yrN4mVcnkHDYz5vvs=
golang.org/x/exp v0.0.0-20250210185358-939b2ce775ac/go.mod h1:hH+7mtFmImwwcMvScyxUhjuVHR3HGaDPMn9rMSUUbxo=
golang.org/x/exp v0.0.0-20250218142911-aa4b98e5adaa h1:t2QcU6V556bFjYgu4L6C+6VrCPyJZ+eyRsABUPs1mz4=
golang.org/x/exp v0.0.0-20250218142911-aa4b98e5adaa/go.mod h1:BHOTPb3L19zxehTsLoJXVaTktb06DFgmdW6Wb9s8jqk=
golang.org/x/exp v0.0.0-20250305212735-054e65f0b394 h1:nDVHiLt8aIbd/VzvPWN6kSOPE7+F/fNFDSXLVYkE/Iw=
golang.org/x/exp v0.0.0-20250305212735-054e65f0b394/go.mod h1:sIifuuw/Yco/y6yb6+bDNfyeQ/MdPUy/hKEMYQV17cM=
