github.com/TwiN/go-color v1.4.1 h1:mqG0P/KBgHKVqmtL5ye7K0/Gr4l6hTksPgTgMk3mUzc=
github.com/TwiN/go-color v1.4.1/go.mod h1:WcPf/jtiW95WBIsEeY1Lc/b8aaWoiqQpu5cf8WFxu+s=
golang.org/x/exp v0.0.0-20250210185358-939b2ce775ac h1:l5+whBCLH3iH2ZNHYLbAe58bo7yrN4mVcnkHDYz5vvs=
golang.org/x/exp v0.0.0-20250210185358-939b2ce775ac/go.mod h1:hH+7mtFmImwwcMvScyxUhjuVHR3HGaDPMn9rMSUUbxo=
golang.org/x/exp v0.0.0-20250218142911-aa4b98e5adaa h1:t2QcU6V556bFjYgu4L6C+6VrCPyJZ+eyRsABUPs1mz4=
golang.org/x/exp v0.0.0-20250218142911-aa4b98e5adaa/go.mod h1:BHOTPb3L19zxehTsLoJXVaTktb06DFgmdW6Wb9s8jqk=
golang.org/x/exp v0.0.0-20250305212735-054e65f0b394 h1:nDVHiLt8aIbd/VzvPWN6kSOPE7+F/fNFDSXLVYkE/Iw=
golang.org/x/exp v0.0.0-20250305212735-054e65f0b394/go.mod h1:sIifuuw/Yco/y6yb6+bDNfyeQ/MdPUy/hKEMYQV17cM=
golang.org/x/exp v0.0.0-20250408133849-7e4ce0ab07d0 h1:R84qjqJb5nVJMxqWYb3np9L5ZsaDtB+a39EqjV0JSUM=
golang.org/x/exp v0.0.0-20250408133849-7e4ce0ab07d0/go.mod h1:S9Xr4PYopiDyqSyp5NjCrhFrqg6A5zA2E/iPHPhqnS8=
golang.org/x/exp v0.0.0-20250506013437-ce4c2cf36ca6 h1:y5zboxd6LQAqYIhHnB48p0ByQ/GnQx2BE33L8BOHQkI=
golang.org/x/exp v0.0.0-20250506013437-ce4c2cf36ca6/go.mod h1:U6Lno4MTRCDY+Ba7aCcauB9T60gsv5s4ralQzP72ZoQ=
golang.org/x/exp v0.0.0-20250606033433-dcc06ee1d476 h1:bsqhLWFR6G6xiQcb+JoGqdKdRU6WzPWmK8E0jxTjzo4=
golang.org/x/exp v0.0.0-20250606033433-dcc06ee1d476/go.mod h1:3//PLf8L/X+8b4vuAfHzxeRUl04Adcb341+IGKfnqS8=
golang.org/x/exp v0.0.0-20250620022241-b7579e27df2b h1:M2rDM6z3Fhozi9O7NWsxAkg/yqS/lQJ6PmkyIV3YP+o=
golang.org/x/exp v0.0.0-20250620022241-b7579e27df2b/go.mod h1:3//PLf8L/X+8b4vuAfHzxeRUl04Adcb341+IGKfnqS8=
golang.org/x/exp v0.0.0-20250718183923-645b1fa84792 h1:R9PFI6EUdfVKgwKjZef7QIwGcBKu86OEFpJ9nUEP2l4=
golang.org/x/exp v0.0.0-20250718183923-645b1fa84792/go.mod h1:A+z0yzpGtvnG90cToK5n2tu8UJVP2XUATh+r+sfOOOc=
golang.org/x/exp v0.0.0-20250813145105-42675adae3e6 h1:SbTAbRFnd5kjQXbczszQ0hdk3ctwYf3qBNH9jIsGclE=
golang.org/x/exp v0.0.0-20250813145105-42675adae3e6/go.mod h1:4QTo5u+SEIbbKW1RacMZq1YEfOBqeXa19JeshGi+zc4=
golang.org/x/exp v0.0.0-20250819193227-8b4c13bb791b h1:DXr+pvt3nC887026GRP39Ej11UATqWDmWuS99x26cD0=
golang.org/x/exp v0.0.0-20250819193227-8b4c13bb791b/go.mod h1:4QTo5u+SEIbbKW1RacMZq1YEfOBqeXa19JeshGi+zc4=
golang.org/x/exp v0.0.0-20250911091902-df9299821621 h1:2id6c1/gto0kaHYyrixvknJ8tUK/Qs5IsmBtrc+FtgU=
golang.org/x/exp v0.0.0-20250911091902-df9299821621/go.mod h1:TwQYMMnGpvZyc+JpB/UAuTNIsVJifOlSkrZkhcvpVUk=
golang.org/x/exp v0.0.0-20251002181428-27f1f14c8bb9 h1:TQwNpfvNkxAVlItJf6Cr5JTsVZoC/Sj7K3OZv2Pc14A=
golang.org/x/exp v0.0.0-20251002181428-27f1f14c8bb9/go.mod h1:TwQYMMnGpvZyc+JpB/UAuTNIsVJifOlSkrZkhcvpVUk=
golang.org/x/exp v0.0.0-20251009144603-d2f985daa21b h1:18qgiDvlvH7kk8Ioa8Ov+K6xCi0GMvmGfGW0sgd/SYA=
golang.org/x/exp v0.0.0-20251009144603-d2f985daa21b/go.mod h1:j/pmGrbnkbPtQfxEe5D0VQhZC6qKbfKifgD0oM7sR70=
golang.org/x/exp v0.0.0-20251023183803-a4bb9ffd2546 h1:mgKeJMpvi0yx/sU5GsxQ7p6s2wtOnGAHZWCHUM4KGzY=
golang.org/x/exp v0.0.0-20251023183803-a4bb9ffd2546/go.mod h1:j/pmGrbnkbPtQfxEe5D0VQhZC6qKbfKifgD0oM7sR70=
golang.org/x/exp v0.0.0-20251113190631-e25ba8c21ef6 h1:zfMcR1Cs4KNuomFFgGefv5N0czO2XZpUbxGUy8i8ug0=
golang.org/x/exp v0.0.0-20251113190631-e25ba8c21ef6/go.mod h1:46edojNIoXTNOhySWIWdix628clX9ODXwPsQuG6hsK0=
golang.org/x/exp v0.0.0-20251125195548-87e1e737ad39 h1:DHNhtq3sNNzrvduZZIiFyXWOL9IWaDPHqTnLJp+rCBY=
golang.org/x/exp v0.0.0-20251125195548-87e1e737ad39/go.mod h1:46edojNIoXTNOhySWIWdix628clX9ODXwPsQuG6hsK0=
golang.org/x/exp v0.0.0-20251209150349-8475f28825e9 h1:MDfG8Cvcqlt9XXrmEiD4epKn7VJHZO84hejP9Jmp0MM=
golang.org/x/exp v0.0.0-20251209150349-8475f28825e9/go.mod h1:EPRbTFwzwjXj9NpYyyrvenVh9Y+GFeEvMNh7Xuz7xgU=
golang.org/x/exp v0.0.0-20251219203646-944ab1f22d93 h1:fQsdNF2N+/YewlRZiricy4P1iimyPKZ/xwniHj8Q2a0=
golang.org/x/exp v0.0.0-20251219203646-944ab1f22d93/go.mod h1:EPRbTFwzwjXj9NpYyyrvenVh9Y+GFeEvMNh7Xuz7xgU=
golang.org/x/exp v0.0.0-20260112195511-716be5621a96 h1:Z/6YuSHTLOHfNFdb8zVZomZr7cqNgTJvA8+Qz75D8gU=
golang.org/x/exp v0.0.0-20260112195511-716be5621a96/go.mod h1:nzimsREAkjBCIEFtHiYkrJyT+2uy9YZJB7H1k68CXZU=
golang.org/x/exp v0.0.0-20260212183809-81e46e3db34a h1:ovFr6Z0MNmU7nH8VaX5xqw+05ST2uO1exVfZPVqRC5o=
golang.org/x/exp v0.0.0-20260212183809-81e46e3db34a/go.mod h1:K79w1Vqn7PoiZn+TkNpx3BUWUQksGO3JcVX6qIjytmA=
golang.org/x/exp v0.0.0-20260218203240-3dfff04db8fa h1:Zt3DZoOFFYkKhDT3v7Lm9FDMEV06GpzjG2jrqW+QTE0=
golang.org/x/exp v0.0.0-20260218203240-3dfff04db8fa/go.mod h1:K79w1Vqn7PoiZn+TkNpx3BUWUQksGO3JcVX6qIjytmA=
